
Microsoft Visual Studio Solution File, Format Version 12.00
# Visual Studio Version 17
VisualStudioVersion = 17.10.35122.118
MinimumVisualStudioVersion = 10.0.40219.1
Project("{FAE04EC0-301F-11D3-BF4B-00C04F79EFBC}") = "BoiSell.Web", "BoiSell.Web\BoiSell.Web.csproj", "{7A5B4D5B-1EB8-49D6-84EF-B410E9C93477}"
EndProject
Project("{FAE04EC0-301F-11D3-BF4B-00C04F79EFBC}") = "BoiSell.Core", "BoiSell.Core\BoiSell.Core.csproj", "{EA97BA26-3844-4609-935E-E6E6AC12A1DC}"
EndProject
Project("{FAE04EC0-301F-11D3-BF4B-00C04F79EFBC}") = "BoiSell.Repository", "BoiSell.Repository\BoiSell.Repository.csproj", "{542F44BD-1623-46CB-967D-095D6D23FBC4}"
EndProject
Project("{FAE04EC0-301F-11D3-BF4B-00C04F79EFBC}") = "BoiSell.Service", "BoiSell.Service\BoiSell.Service.csproj", "{9546C9B6-8CCF-4C66-BB27-53113D61A11A}"
EndProject
Global
	GlobalSection(SolutionConfigurationPlatforms) = preSolution
		Debug|Any CPU = Debug|Any CPU
		Release|Any CPU = Release|Any CPU
	EndGlobalSection
	GlobalSection(ProjectConfigurationPlatforms) = postSolution
		{7A5B4D5B-1EB8-49D6-84EF-B410E9C93477}.Debug|Any CPU.ActiveCfg = Debug|Any CPU
		{7A5B4D5B-1EB8-49D6-84EF-B410E9C93477}.Debug|Any CPU.Build.0 = Debug|Any CPU
		{7A5B4D5B-1EB8-49D6-84EF-B410E9C93477}.Release|Any CPU.ActiveCfg = Release|Any CPU
		{7A5B4D5B-1EB8-49D6-84EF-B410E9C93477}.Release|Any CPU.Build.0 = Release|Any CPU
		{EA97BA26-3844-4609-935E-E6E6AC12A1DC}.Debug|Any CPU.ActiveCfg = Debug|Any CPU
		{EA97BA26-3844-4609-935E-E6E6AC12A1DC}.Debug|Any CPU.Build.0 = Debug|Any CPU
		{EA97BA26-3844-4609-935E-E6E6AC12A1DC}.Release|Any CPU.ActiveCfg = Release|Any CPU
		{EA97BA26-3844-4609-935E-E6E6AC12A1DC}.Release|Any CPU.Build.0 = Release|Any CPU
		{542F44BD-1623-46CB-967D-095D6D23FBC4}.Debug|Any CPU.ActiveCfg = Debug|Any CPU
		{542F44BD-1623-46CB-967D-095D6D23FBC4}.Debug|Any CPU.Build.0 = Debug|Any CPU
		{542F44BD-1623-46CB-967D-095D6D23FBC4}.Release|Any CPU.ActiveCfg = Release|Any CPU
		{542F44BD-1623-46CB-967D-095D6D23FBC4}.Release|Any CPU.Build.0 = Release|Any CPU
		{9546C9B6-8CCF-4C66-BB27-53113D61A11A}.Debug|Any CPU.ActiveCfg = Debug|Any CPU
		{9546C9B6-8CCF-4C66-BB27-53113D61A11A}.Debug|Any CPU.Build.0 = Debug|Any CPU
		{9546C9B6-8CCF-4C66-BB27-53113D61A11A}.Release|Any CPU.ActiveCfg = Release|Any CPU
		{9546C9B6-8CCF-4C66-BB27-53113D61A11A}.Release|Any CPU.Build.0 = Release|Any CPU
	EndGlobalSection
	GlobalSection(SolutionProperties) = preSolution
		HideSolutionNode = FALSE
	EndGlobalSection
	GlobalSection(ExtensibilityGlobals) = postSolution
		SolutionGuid = {1D1E2949-1D74-4ED8-BBF6-EB0481AFFD83}
	EndGlobalSection
EndGlobal
